
Microsoft Visual Studio Solution File, Format Version 12.00
# Visual Studio Version 16
VisualStudioVersion = 16.0.31321.278
MinimumVisualStudioVersion = 10.0.40219.1
Project("{9A19103F-16F7-4668-BE54-9A1E7A4F7556}") = "EM.HostsManager.App", "EM.HostaManager.App\EM.HostsManager.App.csproj", "{81E8908C-1742-4C95-A44F-01A6A7F05745}"
EndProject
Global
	GlobalSection(SolutionConfigurationPlatforms) = preSolution
		Debug|Any CPU = Debug|Any CPU
		Release|Any CPU = Release|Any CPU
	EndGlobalSection
	GlobalSection(ProjectConfigurationPlatforms) = postSolution
		{81E8908C-1742-4C95-A44F-01A6A7F05745}.Debug|Any CPU.ActiveCfg = Debug|Any CPU
		{81E8908C-1742-4C95-A44F-01A6A7F05745}.Debug|Any CPU.Build.0 = Debug|Any CPU
		{81E8908C-1742-4C95-A44F-01A6A7F05745}.Release|Any CPU.ActiveCfg = Release|Any CPU
		{81E8908C-1742-4C95-A44F-01A6A7F05745}.Release|Any CPU.Build.0 = Release|Any CPU
	EndGlobalSection
	GlobalSection(SolutionProperties) = preSolution
		HideSolutionNode = FALSE
	EndGlobalSection
	GlobalSection(ExtensibilityGlobals) = postSolution
		SolutionGuid = {69239C3D-FFE4-4CC1-A2D2-97F78EF2D09D}
	EndGlobalSection
EndGlobal
