
Microsoft Visual Studio Solution File, Format Version 12.00
# Visual Studio Version 17
VisualStudioVersion = 17.3.32922.545
MinimumVisualStudioVersion = 10.0.40219.1
Project("{9A19103F-16F7-4668-BE54-9A1E7A4F7556}") = "EM.HostsManager.App", "EM.HostsManager.App\EM.HostsManager.App.csproj", "{014D346F-73EC-4060-9095-D8028E0FBD67}"
EndProject
Global
	GlobalSection(SolutionConfigurationPlatforms) = preSolution
		Debug|Any CPU = Debug|Any CPU
		Release|Any CPU = Release|Any CPU
	EndGlobalSection
	GlobalSection(ProjectConfigurationPlatforms) = postSolution
		{014D346F-73EC-4060-9095-D8028E0FBD67}.Debug|Any CPU.ActiveCfg = Debug|Any CPU
		{014D346F-73EC-4060-9095-D8028E0FBD67}.Debug|Any CPU.Build.0 = Debug|Any CPU
		{014D346F-73EC-4060-9095-D8028E0FBD67}.Release|Any CPU.ActiveCfg = Release|Any CPU
		{014D346F-73EC-4060-9095-D8028E0FBD67}.Release|Any CPU.Build.0 = Release|Any CPU
	EndGlobalSection
	GlobalSection(SolutionProperties) = preSolution
		HideSolutionNode = FALSE
	EndGlobalSection
	GlobalSection(ExtensibilityGlobals) = postSolution
		SolutionGuid = {54EC2078-CEC5-429C-B85E-6716F140D381}
	EndGlobalSection
EndGlobal
