
Microsoft Visual Studio Solution File, Format Version 12.00
# Visual Studio Version 17
VisualStudioVersion = 17.3.32922.545
MinimumVisualStudioVersion = 10.0.40219.1
Project("{9A19103F-16F7-4668-BE54-9A1E7A4F7556}") = "EM.HostsManager.App", "EM.HostsManager.App\EM.HostsManager.App.csproj", "{014D346F-73EC-4060-9095-D8028E0FBD67}"
EndProject
Project("{9A19103F-16F7-4668-BE54-9A1E7A4F7556}") = "EM.HostsManager", "EM.HostsManager\EM.HostsManager.csproj", "{EFC8F105-4534-4E19-BBA1-5DF2E5004172}"
EndProject
Project("{2150E333-8FDC-42A3-9474-1A3956D46DE8}") = "EM.HostsManager.Installer", "EM.HostsManager.Installer", "{2606C2C6-2BEE-43CC-B934-DF1BA3A2F012}"
	ProjectSection(SolutionItems) = preProject
		EM.HostsManager.Installer\CodeDependencies.iss = EM.HostsManager.Installer\CodeDependencies.iss
		EM.HostsManager.Installer\EM.HostsManager.Installer.iss = EM.HostsManager.Installer\EM.HostsManager.Installer.iss
		EM.HostsManager.Installer\HostsManager.ico = EM.HostsManager.Installer\HostsManager.ico
		EM.HostsManager.Installer\License.txt = EM.HostsManager.Installer\License.txt
		EM.HostsManager.Installer\Licenses-ThirdParty.txt = EM.HostsManager.Installer\Licenses-ThirdParty.txt
		EM.HostsManager.Installer\SetupIcon.bmp = EM.HostsManager.Installer\SetupIcon.bmp
	EndProjectSection
EndProject
Project("{2150E333-8FDC-42A3-9474-1A3956D46DE8}") = "deploy", "deploy", "{FCD3B95B-76EB-4709-8632-40B853382365}"
	ProjectSection(SolutionItems) = preProject
		EM.HostsManager.Installer\deploy\netcorecheck_x64.exe = EM.HostsManager.Installer\deploy\netcorecheck_x64.exe
		EM.HostsManager.Installer\deploy\windowsdesktop-runtime-8.0.4-win_x64.exe = EM.HostsManager.Installer\deploy\windowsdesktop-runtime-8.0.4-win_x64.exe
		EM.HostsManager.Installer\deploy\windowsdesktop-runtime-8.0.6-win_x64.exe = EM.HostsManager.Installer\deploy\windowsdesktop-runtime-8.0.6-win_x64.exe
	EndProjectSection
EndProject
Project("{9A19103F-16F7-4668-BE54-9A1E7A4F7556}") = "EM.HostsManager.Tests", "EM.HostsManager.Tests\EM.HostsManager.Tests.csproj", "{55ACCCC2-6DBE-4B61-A516-9DAA754DDB89}"
EndProject
Global
	GlobalSection(SolutionConfigurationPlatforms) = preSolution
		Debug|Any CPU = Debug|Any CPU
		Release|Any CPU = Release|Any CPU
	EndGlobalSection
	GlobalSection(ProjectConfigurationPlatforms) = postSolution
		{014D346F-73EC-4060-9095-D8028E0FBD67}.Debug|Any CPU.ActiveCfg = Debug|Any CPU
		{014D346F-73EC-4060-9095-D8028E0FBD67}.Debug|Any CPU.Build.0 = Debug|Any CPU
		{014D346F-73EC-4060-9095-D8028E0FBD67}.Release|Any CPU.ActiveCfg = Release|Any CPU
		{014D346F-73EC-4060-9095-D8028E0FBD67}.Release|Any CPU.Build.0 = Release|Any CPU
		{EFC8F105-4534-4E19-BBA1-5DF2E5004172}.Debug|Any CPU.ActiveCfg = Debug|Any CPU
		{EFC8F105-4534-4E19-BBA1-5DF2E5004172}.Debug|Any CPU.Build.0 = Debug|Any CPU
		{EFC8F105-4534-4E19-BBA1-5DF2E5004172}.Release|Any CPU.ActiveCfg = Release|Any CPU
		{EFC8F105-4534-4E19-BBA1-5DF2E5004172}.Release|Any CPU.Build.0 = Release|Any CPU
		{55ACCCC2-6DBE-4B61-A516-9DAA754DDB89}.Debug|Any CPU.ActiveCfg = Debug|Any CPU
		{55ACCCC2-6DBE-4B61-A516-9DAA754DDB89}.Debug|Any CPU.Build.0 = Debug|Any CPU
		{55ACCCC2-6DBE-4B61-A516-9DAA754DDB89}.Release|Any CPU.ActiveCfg = Release|Any CPU
		{55ACCCC2-6DBE-4B61-A516-9DAA754DDB89}.Release|Any CPU.Build.0 = Release|Any CPU
	EndGlobalSection
	GlobalSection(SolutionProperties) = preSolution
		HideSolutionNode = FALSE
	EndGlobalSection
	GlobalSection(NestedProjects) = preSolution
		{FCD3B95B-76EB-4709-8632-40B853382365} = {2606C2C6-2BEE-43CC-B934-DF1BA3A2F012}
	EndGlobalSection
	GlobalSection(ExtensibilityGlobals) = postSolution
		SolutionGuid = {54EC2078-CEC5-429C-B85E-6716F140D381}
	EndGlobalSection
EndGlobal
